# generated by rye
# use `rye lock` or `rye sync` to update this lockfile
#
# last locked with the following flags:
#   pre: false
#   features: []
#   all-features: false
#   with-sources: false
#   generate-hashes: false
#   universal: false

-e file:.
aws-lambda-typing==2.20.0
    # via s3git
boto3==1.35.54
    # via s3git
boto3-type-annotations==0.3.1
    # via s3git
botocore==1.35.54
    # via boto3
    # via s3transfer
gitdb==4.0.11
    # via gitpython
gitpython==3.1.43
    # via s3git
ignorelib==0.3.0
    # via s3git
jmespath==1.0.1
    # via boto3
    # via botocore
python-dateutil==2.9.0.post0
    # via botocore
python-dotenv==1.0.1
    # via s3git
s3transfer==0.10.3
    # via boto3
six==1.16.0
    # via python-dateutil
smmap==5.0.1
    # via gitdb
urllib3==2.2.3
    # via botocore
